
Microsoft Visual Studio Solution File, Format Version 12.00
# Visual Studio 2012
Project("{2150E333-8FDC-42A3-9474-1A3956D46DE8}") = "Solution Items", "Solution Items", "{CF3A626D-46F5-4CCC-AD3D-6B9A93B1838C}"
	ProjectSection(SolutionItems) = preProject
		index.html = index.html
		packages.config = packages.config
		README.md = README.md
		StyleSheet1.css = StyleSheet1.css
		Web.config = Web.config
		Web.Debug.config = Web.Debug.config
	EndProjectSection
EndProject
Project("{2150E333-8FDC-42A3-9474-1A3956D46DE8}") = "Scripts", "Scripts", "{8715A67B-B74C-47AE-B3E3-BDA7447118EB}"
	ProjectSection(SolutionItems) = preProject
		Scripts\jquery-2.0.3-vsdoc.js = Scripts\jquery-2.0.3-vsdoc.js
		Scripts\jquery-2.0.3.intellisense.js = Scripts\jquery-2.0.3.intellisense.js
		Scripts\jquery-2.0.3.js = Scripts\jquery-2.0.3.js
		Scripts\jquery-2.0.3.min.js = Scripts\jquery-2.0.3.min.js
		Scripts\jquery-2.0.3.min.map = Scripts\jquery-2.0.3.min.map
		Scripts\MapScripts.js = Scripts\MapScripts.js
	EndProjectSection
EndProject
Project("{2150E333-8FDC-42A3-9474-1A3956D46DE8}") = "HTML", "HTML", "{23292AFC-8A46-41F1-8663-E682B5C06ACB}"
	ProjectSection(SolutionItems) = preProject
		HTML\About.html = HTML\About.html
		HTML\LeftColumn.html = HTML\LeftColumn.html
	EndProjectSection
EndProject
Project("{2150E333-8FDC-42A3-9474-1A3956D46DE8}") = "RMNP", "RMNP", "{ABC81B62-669A-402E-8E66-A7E602861542}"
	ProjectSection(SolutionItems) = preProject
		HTML\RMNP\RMNPGPS.js = HTML\RMNP\RMNPGPS.js
	EndProjectSection
EndProject
Project("{E24C65DC-7377-472B-9ABA-BC803B73C61A}") = "backpacking-loops", ".", "{FE89B991-288E-418B-AF1F-6F0E627EDA08}"
	ProjectSection(WebsiteProperties) = preProject
		TargetFrameworkMoniker = ".NETFramework,Version%3Dv4.5"
		Debug.AspNetCompiler.VirtualPath = "/backpacking-loops"
		Debug.AspNetCompiler.PhysicalPath = "..\backpacking-loops\"
		Debug.AspNetCompiler.TargetPath = "PrecompiledWeb\backpacking-loops\"
		Debug.AspNetCompiler.Updateable = "true"
		Debug.AspNetCompiler.ForceOverwrite = "true"
		Debug.AspNetCompiler.FixedNames = "false"
		Debug.AspNetCompiler.Debug = "True"
		Release.AspNetCompiler.VirtualPath = "/backpacking-loops"
		Release.AspNetCompiler.PhysicalPath = "..\backpacking-loops\"
		Release.AspNetCompiler.TargetPath = "PrecompiledWeb\backpacking-loops\"
		Release.AspNetCompiler.Updateable = "true"
		Release.AspNetCompiler.ForceOverwrite = "true"
		Release.AspNetCompiler.FixedNames = "false"
		Release.AspNetCompiler.Debug = "False"
		VWDPort = "50230"
	EndProjectSection
EndProject
Global
	GlobalSection(SolutionConfigurationPlatforms) = preSolution
		Debug|Any CPU = Debug|Any CPU
	EndGlobalSection
	GlobalSection(ProjectConfigurationPlatforms) = postSolution
		{FE89B991-288E-418B-AF1F-6F0E627EDA08}.Debug|Any CPU.ActiveCfg = Debug|Any CPU
		{FE89B991-288E-418B-AF1F-6F0E627EDA08}.Debug|Any CPU.Build.0 = Debug|Any CPU
	EndGlobalSection
	GlobalSection(SolutionProperties) = preSolution
		HideSolutionNode = FALSE
	EndGlobalSection
	GlobalSection(NestedProjects) = preSolution
		{8715A67B-B74C-47AE-B3E3-BDA7447118EB} = {CF3A626D-46F5-4CCC-AD3D-6B9A93B1838C}
		{23292AFC-8A46-41F1-8663-E682B5C06ACB} = {CF3A626D-46F5-4CCC-AD3D-6B9A93B1838C}
		{ABC81B62-669A-402E-8E66-A7E602861542} = {23292AFC-8A46-41F1-8663-E682B5C06ACB}
	EndGlobalSection
EndGlobal
